
Microsoft Visual Studio Solution File, Format Version 12.00
# Visual Studio Version 17
VisualStudioVersion = 17.3.32922.545
MinimumVisualStudioVersion = 10.0.40219.1
Project("{FAE04EC0-301F-11D3-BF4B-00C04F79EFBC}") = "HW_6_3", "HW_6_3\HW_6_3.csproj", "{D59698D5-684E-490F-8205-6AD17125786C}"
EndProject
Global
	GlobalSection(SolutionConfigurationPlatforms) = preSolution
		Debug|Any CPU = Debug|Any CPU
		Release|Any CPU = Release|Any CPU
	EndGlobalSection
	GlobalSection(ProjectConfigurationPlatforms) = postSolution
		{D59698D5-684E-490F-8205-6AD17125786C}.Debug|Any CPU.ActiveCfg = Debug|Any CPU
		{D59698D5-684E-490F-8205-6AD17125786C}.Debug|Any CPU.Build.0 = Debug|Any CPU
		{D59698D5-684E-490F-8205-6AD17125786C}.Release|Any CPU.ActiveCfg = Release|Any CPU
		{D59698D5-684E-490F-8205-6AD17125786C}.Release|Any CPU.Build.0 = Release|Any CPU
	EndGlobalSection
	GlobalSection(SolutionProperties) = preSolution
		HideSolutionNode = FALSE
	EndGlobalSection
	GlobalSection(ExtensibilityGlobals) = postSolution
		SolutionGuid = {18FEBE7A-51F1-40D6-AFC1-BDD9EB6BEF4F}
	EndGlobalSection
EndGlobal
